
Microsoft Visual Studio Solution File, Format Version 12.00
# Visual Studio 15
VisualStudioVersion = 15.0.28307.168
MinimumVisualStudioVersion = 10.0.40219.1
Project("{FAE04EC0-301F-11D3-BF4B-00C04F79EFBC}") = "Angular2Demo", "Angular2Demo\Angular2Demo.csproj", "{1C8ED8DE-7B56-46F9-95AD-D76D09D8A278}"
EndProject
Global
	GlobalSection(SolutionConfigurationPlatforms) = preSolution
		Debug|Any CPU = Debug|Any CPU
		Release|Any CPU = Release|Any CPU
	EndGlobalSection
	GlobalSection(ProjectConfigurationPlatforms) = postSolution
		{1C8ED8DE-7B56-46F9-95AD-D76D09D8A278}.Debug|Any CPU.ActiveCfg = Debug|Any CPU
		{1C8ED8DE-7B56-46F9-95AD-D76D09D8A278}.Debug|Any CPU.Build.0 = Debug|Any CPU
		{1C8ED8DE-7B56-46F9-95AD-D76D09D8A278}.Release|Any CPU.ActiveCfg = Release|Any CPU
		{1C8ED8DE-7B56-46F9-95AD-D76D09D8A278}.Release|Any CPU.Build.0 = Release|Any CPU
	EndGlobalSection
	GlobalSection(SolutionProperties) = preSolution
		HideSolutionNode = FALSE
	EndGlobalSection
	GlobalSection(ExtensibilityGlobals) = postSolution
		SolutionGuid = {BE7F8394-4CB3-452D-BC83-D342AA27DFA2}
	EndGlobalSection
EndGlobal
